
Microsoft Visual Studio Solution File, Format Version 12.00
# Visual Studio Version 17
VisualStudioVersion = 17.11.35312.102
MinimumVisualStudioVersion = 10.0.40219.1
Project("{9A19103F-16F7-4668-BE54-9A1E7A4F7556}") = "BE", "BE\BE.csproj", "{44DE5EE2-8BC7-4343-9071-640A5627602A}"
EndProject
Project("{9A19103F-16F7-4668-BE54-9A1E7A4F7556}") = "ENTITIES", "ENTITIES\ENTITIES.csproj", "{6660C1EB-2483-446E-AD0F-2609598EA6C7}"
EndProject
Project("{9A19103F-16F7-4668-BE54-9A1E7A4F7556}") = "FE", "FE\FE.csproj", "{CDD053A0-57FE-4457-BFA5-8FC0FBF9BEF2}"
EndProject
Project("{2150E333-8FDC-42A3-9474-1A3956D46DE8}") = "CORE", "CORE", "{34E540D1-8896-48B8-9384-2898D15E4B28}"
EndProject
Project("{FAE04EC0-301F-11D3-BF4B-00C04F79EFBC}") = "MODELS", "MODELS\MODELS.csproj", "{3818098F-F5BE-41C3-A9F5-9464FE86F2FE}"
EndProject
Global
	GlobalSection(SolutionConfigurationPlatforms) = preSolution
		Debug|Any CPU = Debug|Any CPU
		Release|Any CPU = Release|Any CPU
	EndGlobalSection
	GlobalSection(ProjectConfigurationPlatforms) = postSolution
		{44DE5EE2-8BC7-4343-9071-640A5627602A}.Debug|Any CPU.ActiveCfg = Debug|Any CPU
		{44DE5EE2-8BC7-4343-9071-640A5627602A}.Debug|Any CPU.Build.0 = Debug|Any CPU
		{44DE5EE2-8BC7-4343-9071-640A5627602A}.Release|Any CPU.ActiveCfg = Release|Any CPU
		{44DE5EE2-8BC7-4343-9071-640A5627602A}.Release|Any CPU.Build.0 = Release|Any CPU
		{6660C1EB-2483-446E-AD0F-2609598EA6C7}.Debug|Any CPU.ActiveCfg = Debug|Any CPU
		{6660C1EB-2483-446E-AD0F-2609598EA6C7}.Debug|Any CPU.Build.0 = Debug|Any CPU
		{6660C1EB-2483-446E-AD0F-2609598EA6C7}.Release|Any CPU.ActiveCfg = Release|Any CPU
		{6660C1EB-2483-446E-AD0F-2609598EA6C7}.Release|Any CPU.Build.0 = Release|Any CPU
		{CDD053A0-57FE-4457-BFA5-8FC0FBF9BEF2}.Debug|Any CPU.ActiveCfg = Debug|Any CPU
		{CDD053A0-57FE-4457-BFA5-8FC0FBF9BEF2}.Debug|Any CPU.Build.0 = Debug|Any CPU
		{CDD053A0-57FE-4457-BFA5-8FC0FBF9BEF2}.Release|Any CPU.ActiveCfg = Release|Any CPU
		{CDD053A0-57FE-4457-BFA5-8FC0FBF9BEF2}.Release|Any CPU.Build.0 = Release|Any CPU
		{3818098F-F5BE-41C3-A9F5-9464FE86F2FE}.Debug|Any CPU.ActiveCfg = Debug|Any CPU
		{3818098F-F5BE-41C3-A9F5-9464FE86F2FE}.Debug|Any CPU.Build.0 = Debug|Any CPU
		{3818098F-F5BE-41C3-A9F5-9464FE86F2FE}.Release|Any CPU.ActiveCfg = Release|Any CPU
		{3818098F-F5BE-41C3-A9F5-9464FE86F2FE}.Release|Any CPU.Build.0 = Release|Any CPU
	EndGlobalSection
	GlobalSection(SolutionProperties) = preSolution
		HideSolutionNode = FALSE
	EndGlobalSection
	GlobalSection(NestedProjects) = preSolution
		{6660C1EB-2483-446E-AD0F-2609598EA6C7} = {34E540D1-8896-48B8-9384-2898D15E4B28}
		{3818098F-F5BE-41C3-A9F5-9464FE86F2FE} = {34E540D1-8896-48B8-9384-2898D15E4B28}
	EndGlobalSection
	GlobalSection(ExtensibilityGlobals) = postSolution
		SolutionGuid = {E2190611-AB5D-40B7-9811-5D97AB2BA2BF}
	EndGlobalSection
EndGlobal
